{
  "version": "5",
  "specifiers": {
    "jsr:@oak/commons@0.7": "0.7.0",
    "jsr:@std/assert@0.218": "0.218.2",
    "jsr:@std/assert@~0.218.2": "0.218.2",
    "jsr:@std/bytes@0.218": "0.218.2",
    "jsr:@std/bytes@~0.218.2": "0.218.2",
    "jsr:@std/crypto@0.218": "0.218.2",
    "jsr:@std/encoding@0.218": "0.218.2",
    "jsr:@std/encoding@~0.218.2": "0.218.2",
    "jsr:@std/http@0.218": "0.218.2",
    "jsr:@std/io@0.218": "0.218.2",
    "jsr:@std/media-types@0.218": "0.218.2",
    "jsr:@std/path@0.218": "0.218.2",
    "npm:@types/node@*": "22.15.15",
    "npm:path-to-regexp@6.2.1": "6.2.1"
  },
  "jsr": {
    "@oak/commons@0.7.0": {
      "integrity": "4bd889b3dc9ddac1b602034d88c137f06de7078775961b51081beb5f175c120b",
      "dependencies": [
        "jsr:@std/assert@0.218",
        "jsr:@std/media-types"
      ]
    },
    "@std/assert@0.218.2": {
      "integrity": "7f0a5a1a8cf86607cd6c2c030584096e1ffad27fc9271429a8cb48cfbdee5eaf"
    },
    "@std/bytes@0.218.2": {
      "integrity": "91fe54b232dcca73856b79a817247f4a651dbb60d51baafafb6408c137241670"
    },
    "@std/crypto@0.218.2": {
      "integrity": "8c5031a3a1c3ac3bed3c0d4bed2fe7e7faedcb673bbfa0edd10570c8452f5cd2",
      "dependencies": [
        "jsr:@std/assert@~0.218.2",
        "jsr:@std/encoding@~0.218.2"
      ]
    },
    "@std/encoding@0.218.2": {
      "integrity": "da55a763c29bf0dbf06fd286430b358266eb99c28789d89fe9a3e28edecb8d8e"
    },
    "@std/http@0.218.2": {
      "integrity": "54223b62702e665b9dab6373ea2e51235e093ef47228d21cfa0469ee5ac75c9b",
      "dependencies": [
        "jsr:@std/assert@~0.218.2",
        "jsr:@std/encoding@~0.218.2"
      ]
    },
    "@std/io@0.218.2": {
      "integrity": "c64fbfa087b7c9d4d386c5672f291f607d88cb7d44fc299c20c713e345f2785f",
      "dependencies": [
        "jsr:@std/bytes@~0.218.2"
      ]
    },
    "@std/media-types@0.218.2": {
      "integrity": "1ed3bd2a05e44bad3fc2bab1767d0ce7f2fd68baee62a980751ce51633acb788"
    },
    "@std/path@0.218.2": {
      "integrity": "b568fd923d9e53ad76d17c513e7310bda8e755a3e825e6289a0ce536404e2662",
      "dependencies": [
        "jsr:@std/assert@~0.218.2"
      ]
    }
  },
  "npm": {
    "@types/node@22.15.15": {
      "integrity": "sha512-R5muMcZob3/Jjchn5LcO8jdKwSCbzqmPB6ruBxMcf9kbxtniZHP327s6C37iOfuw8mbKK3cAQa7sEl7afLrQ8A==",
      "dependencies": [
        "undici-types"
      ]
    },
    "path-to-regexp@6.2.1": {
      "integrity": "sha512-JLyh7xT1kizaEvcaXOQwOc2/Yhw6KZOvPf1S8401UyLk86CU79LN3vl7ztXGm/pZ+YjoyAJ4rxmHwbkBXJX+yw=="
    },
    "undici-types@6.21.0": {
      "integrity": "sha512-iwDZqg0QAGrg9Rav5H4n0M64c3mkR59cJ6wQp+7C4nI0gsmExaedaYLNO44eT4AtBBwjbTiGPMlt2Md0T9H9JQ=="
    }
  },
  "remote": {
    "https://deno.land/std@0.150.0/_util/assert.ts": "e94f2eb37cebd7f199952e242c77654e43333c1ac4c5c700e929ea3aa5489f74",
    "https://deno.land/std@0.150.0/bytes/bytes_list.ts": "aba5e2369e77d426b10af1de0dcc4531acecec27f9b9056f4f7bfbf8ac147ab4",
    "https://deno.land/std@0.150.0/bytes/equals.ts": "3c3558c3ae85526f84510aa2b48ab2ad7bdd899e2e0f5b7a8ffc85acb3a6043a",
    "https://deno.land/std@0.150.0/bytes/mod.ts": "763f97d33051cc3f28af1a688dfe2830841192a9fea0cbaa55f927b49d49d0bf",
    "https://deno.land/std@0.150.0/fmt/colors.ts": "6f9340b7fb8cc25a993a99e5efc56fe81bb5af284ff412129dd06df06f53c0b4",
    "https://deno.land/std@0.150.0/fs/exists.ts": "cb734d872f8554ea40b8bff77ad33d4143c1187eac621a55bf37781a43c56f6d",
    "https://deno.land/std@0.150.0/io/buffer.ts": "bd0c4bf53db4b4be916ca5963e454bddfd3fcd45039041ea161dbf826817822b",
    "https://deno.land/std@0.150.0/log/handlers.ts": "b88c24df61eaeee8581dbef3622f21aebfd061cd2fda49affc1711c0e54d57da",
    "https://deno.land/std@0.150.0/log/levels.ts": "82c965b90f763b5313e7595d4ba78d5095a13646d18430ebaf547526131604d1",
    "https://deno.land/std@0.150.0/log/logger.ts": "4d25581bc02dfbe3ad7e8bb480e1f221793a85be5e056185a0cea134f7a7fdf4",
    "https://deno.land/std@0.150.0/log/mod.ts": "65d2702785714b8d41061426b5c279f11b3dcbc716f3eb5384372a430af63961",
    "https://deno.land/std@0.150.0/testing/_diff.ts": "029a00560b0d534bc0046f1bce4bd36b3b41ada3f2a3178c85686eb2ff5f1413",
    "https://deno.land/std@0.150.0/testing/_format.ts": "0d8dc79eab15b67cdc532826213bbe05bccfd276ca473a50a3fc7bbfb7260642",
    "https://deno.land/std@0.150.0/testing/_test_suite.ts": "ad453767aeb8c300878a6b7920e20370f4ce92a7b6c8e8a5d1ac2b7c14a09acb",
    "https://deno.land/std@0.150.0/testing/asserts.ts": "0ee58a557ac764e762c62bb21f00e7d897e3919e71be38b2d574fb441d721005",
    "https://deno.land/std@0.150.0/testing/bdd.ts": "182bb823e09bd75b76063ecf50722870101b7cfadf97a09fa29127279dc21128",
    "https://deno.land/std@0.158.0/_util/assert.ts": "e94f2eb37cebd7f199952e242c77654e43333c1ac4c5c700e929ea3aa5489f74",
    "https://deno.land/std@0.158.0/async/deferred.ts": "c01de44b9192359cebd3fe93273fcebf9e95110bf3360023917da9a2d1489fae",
    "https://deno.land/std@0.158.0/async/delay.ts": "0419dfc993752849692d1f9647edf13407c7facc3509b099381be99ffbc9d699",
    "https://deno.land/std@0.158.0/bytes/bytes_list.ts": "aba5e2369e77d426b10af1de0dcc4531acecec27f9b9056f4f7bfbf8ac147ab4",
    "https://deno.land/std@0.158.0/bytes/equals.ts": "3c3558c3ae85526f84510aa2b48ab2ad7bdd899e2e0f5b7a8ffc85acb3a6043a",
    "https://deno.land/std@0.158.0/bytes/mod.ts": "763f97d33051cc3f28af1a688dfe2830841192a9fea0cbaa55f927b49d49d0bf",
    "https://deno.land/std@0.158.0/io/buffer.ts": "fae02290f52301c4e0188670e730cd902f9307fb732d79c4aa14ebdc82497289",
    "https://deno.land/x/oak@14.2.0/application.ts": "27242ca872580c44321b71e2581bcb7a81004b326b06bb7e90c2625278e405c2",
    "https://deno.land/x/oak@14.2.0/body.ts": "da0ad584c6fb8acbe3ccad288ebb5e5cfd5e65e8186c0f6d43516bb6c11fb968",
    "https://deno.land/x/oak@14.2.0/content_disposition.ts": "8b8c3cb2fba7138cd5b7f82fc3b5ea39b33db924a824b28261659db7e164621e",
    "https://deno.land/x/oak@14.2.0/context.ts": "6a48ba99151478c5f7fd84072f722f9d20dd73816f175f001dbb8716a5225f6f",
    "https://deno.land/x/oak@14.2.0/deps.ts": "9fdb7a99720ad023d609dda13f5d0cb995e8b5cc0e223e08cf2b1fb94c1ddca6",
    "https://deno.land/x/oak@14.2.0/etag.ts": "68d2b34b6bbf41a5e57181f26a90e22ab2f5230d77bf7679b567444fb1a107de",
    "https://deno.land/x/oak@14.2.0/form_data.ts": "dd3599c3b8e47e154434bf43049898187519117403d3494433a68d708f0d1937",
    "https://deno.land/x/oak@14.2.0/forwarded.ts": "97fa621071e4878ce64196055b49cdf8ee63f1bb39185c9446bfb817c209bcc9",
    "https://deno.land/x/oak@14.2.0/headers.ts": "4d74f92a6eda8746473612c04176823e3d12c52189aa4239e624a8ae61835f14",
    "https://deno.land/x/oak@14.2.0/helpers.ts": "d198b50cb13abb1629406882a483c078015d75b3343991ad8ec69aabff879372",
    "https://deno.land/x/oak@14.2.0/http_server_bun.ts": "7d36a3caab01578545257f8d197abc063d30f2df88529ba2e845006c74223910",
    "https://deno.land/x/oak@14.2.0/http_server_native.ts": "ee1598e4bf798a0f6dfc04cde6639d318f73ae25963b13bacc355466e369758a",
    "https://deno.land/x/oak@14.2.0/http_server_native_request.ts": "e34b9ef0e4a52bd3d5d761fff010256612e538aba1bef643c5ea805931e6a410",
    "https://deno.land/x/oak@14.2.0/http_server_node.ts": "9ab25aae469e52aecd4cca85345a8e8ad9af6112a96728c13900ab6d51558ab9",
    "https://deno.land/x/oak@14.2.0/middleware.ts": "5165e0c18f0a3b92bf01ca9d9f0ae211b30ca9b23a9460f11334459a2ff715aa",
    "https://deno.land/x/oak@14.2.0/middleware/proxy.ts": "c136d22c3e396fdee6a9c2e2ba65388bb895d0f82af412c197bc7cda69e5664e",
    "https://deno.land/x/oak@14.2.0/middleware/serve.ts": "83f6559b4cd5e5d30bcbe6acc8478bb7dbcb98af719952bc2810e2d6ead664ea",
    "https://deno.land/x/oak@14.2.0/mod.ts": "0d29f7941ab1f170436a15c3c1f5de4fa94fbe32f4ec79732ed6e06c6b581ceb",
    "https://deno.land/x/oak@14.2.0/node_shims.ts": "4db1569b2b79b73f37c4d947f4aaa50a93e266d48fe67601c8a31af17a28884d",
    "https://deno.land/x/oak@14.2.0/range.ts": "789cb5bc86987843c4ea47e054cad6ceacfbe853c0a57f37a46596b8215c458e",
    "https://deno.land/x/oak@14.2.0/request.ts": "86ea0498e934257ecc07d15ea83493547d9db49a29ae98b4bc76ab234e7d862b",
    "https://deno.land/x/oak@14.2.0/response.ts": "b1985ece7b727d5ba8830ada09318f98ff967b25f63f3e976fc2ebda03b59750",
    "https://deno.land/x/oak@14.2.0/router.ts": "568e45888c8a2a571e983129f337f8a944f492653ec943328dd58a4eb914c599",
    "https://deno.land/x/oak@14.2.0/send.ts": "2ca6b54b16092ab209e2cbea1803947d101c5381bd59a84df5ce44cb1811999d",
    "https://deno.land/x/oak@14.2.0/structured_clone.ts": "a01fa10ea9aae733264557f962630f155873d3bf45dbb2a8e53be5daa1b8cf5a",
    "https://deno.land/x/oak@14.2.0/testing.ts": "157711ade8634f9377ca87147db4317861d51388c82e0da4ae829c142a123db8",
    "https://deno.land/x/oak@14.2.0/types.ts": "09f0494db5d642e3492d23cd46da665d2df2590ef7e987b0412659260453d1f9",
    "https://deno.land/x/oak@14.2.0/util.ts": "22fb55001472158ed4bdf53ce1a6848e10860507aa9a2e16d0b92d2b420f2a90",
    "https://deno.land/x/socket_io@0.2.1/deps.ts": "2c9c7fd0f00c9f8774a7cbf6bea2e73b274989aacb3ebfbd289a3c1bbe632bcb",
    "https://deno.land/x/socket_io@0.2.1/mod.ts": "29050911ca6f9605623c672238bb209ca37ed23606c596d199e6e33de04168f9",
    "https://deno.land/x/socket_io@0.2.1/packages/engine.io-parser/base64-arraybuffer.ts": "57ccea6679609df5416159fcc8a47936ad28ad6fe32235ef78d9223a3a823407",
    "https://deno.land/x/socket_io@0.2.1/packages/engine.io-parser/mod.ts": "27d35094e2159ba49f6e74f11ed83b6208a6adb5a2d5ab3cbbdcdc9dc0e36ae7",
    "https://deno.land/x/socket_io@0.2.1/packages/engine.io/lib/cors.ts": "e39b530dc3526ef85f288766ce592fa5cce2ec38b3fa19922041a7885b79b67c",
    "https://deno.land/x/socket_io@0.2.1/packages/engine.io/lib/server.ts": "2faf79492858e532ad199c32b565bb04528fa9ea55d167e223dc9d019ef9315f",
    "https://deno.land/x/socket_io@0.2.1/packages/engine.io/lib/socket.ts": "feb50d196decd7b1fc79af2706465cc7b4b8b18ebb7ca3dc8cedadb0a393103e",
    "https://deno.land/x/socket_io@0.2.1/packages/engine.io/lib/transport.ts": "b09c589a099d539cd0b61f7b3be0b9d2d9ba7b8cbafdf4824425176ecf8d89c9",
    "https://deno.land/x/socket_io@0.2.1/packages/engine.io/lib/transports/polling.ts": "5650189f6cd742ec0fd45f8c262105f07463b24e8183da6ffb2bf775baf21395",
    "https://deno.land/x/socket_io@0.2.1/packages/engine.io/lib/transports/websocket.ts": "4a868e73d3b8b207d822d358f14723bd8d1cd80c6926be9c4bf6c4234e8a0d00",
    "https://deno.land/x/socket_io@0.2.1/packages/engine.io/lib/util.ts": "9f396a141422c8a2e2ef4cbb31c8b7ec96665d8f1ca397888eaaa9ad28ca8c65",
    "https://deno.land/x/socket_io@0.2.1/packages/engine.io/mod.ts": "3f7d85ebd3bee6e17838f4867927d808f35090a71e088fd4dd802e3255d44c4a",
    "https://deno.land/x/socket_io@0.2.1/packages/event-emitter/mod.ts": "dcb2cb9c0b409060cf15a6306a8dbebea844aa3c58f782ed1d4bc3ccef7c2835",
    "https://deno.land/x/socket_io@0.2.1/packages/msgpack/lib/decode.ts": "5906fa37474130b09fe308adb53c95e40d2484a015891be3249fb2f626c462bb",
    "https://deno.land/x/socket_io@0.2.1/packages/msgpack/lib/encode.ts": "15dab78be56d539c03748c9d57086f7fd580eb8fbe2f8209c28750948c7d962e",
    "https://deno.land/x/socket_io@0.2.1/packages/msgpack/mod.ts": "c7f4a9859af3e0b23794b400546d93475b19ba5110a02245112a0a994a31d309",
    "https://deno.land/x/socket_io@0.2.1/packages/socket.io-parser/mod.ts": "44479cf563b0ad80efedd1059cd40114bc5db199b45e623c2764e80f4a264f8c",
    "https://deno.land/x/socket_io@0.2.1/packages/socket.io-redis-adapter/mod.ts": "45d6b7f077f94fec385152bda7fda5ac3153c2ca3548cf4859891af673fa97cc",
    "https://deno.land/x/socket_io@0.2.1/packages/socket.io/lib/adapter.ts": "594fbe748497ce346e8b783065cb19b284f27d702ff661d872971d14ccf6cf29",
    "https://deno.land/x/socket_io@0.2.1/packages/socket.io/lib/broadcast-operator.ts": "d842eb933acc996a05ac701f6d83ffee49ee9c905c9adbdee70832776045bf63",
    "https://deno.land/x/socket_io@0.2.1/packages/socket.io/lib/client.ts": "5e5d8e39d58cc5eb14f219e85ae6eef8fe6dd5f685f4c73496531aa48529c2c6",
    "https://deno.land/x/socket_io@0.2.1/packages/socket.io/lib/namespace.ts": "d9ec734c8b45f4204c40382e1d3a8fb4d1b8bffab4bca4d2d69baece0703d4f8",
    "https://deno.land/x/socket_io@0.2.1/packages/socket.io/lib/parent-namespace.ts": "9628cbf54e35bea01956825f557b4a82a37c8f1343423c0e7d952d475bf68ea0",
    "https://deno.land/x/socket_io@0.2.1/packages/socket.io/lib/server.ts": "19b10d05e09e436fda0d8d205ba1ce06bb5877f516176b8148de8a3c26b37688",
    "https://deno.land/x/socket_io@0.2.1/packages/socket.io/lib/socket.ts": "c448032d0f819d40d6dc30eb312c391c5d902eeeeb67bfd4f4f4c3499545eb7e",
    "https://deno.land/x/socket_io@0.2.1/packages/socket.io/mod.ts": "dfd465bdcf23161af0c4d79fb8fc8912418c46a20d15e8b314cec6d9fb508196",
    "https://deno.land/x/socket_io@0.2.1/test_deps.ts": "42e6bff240c54a2d7ade82154f8655650664a65ad9228623a0fdb3d0cde11ef0",
    "https://deno.land/x/socket_io@0.2.1/vendor/deno.land/x/redis@v0.27.1/backoff.ts": "33e4a6e245f8743fbae0ce583993a671a3ac2ecee433a3e7f0bd77b5dd541d84",
    "https://deno.land/x/socket_io@0.2.1/vendor/deno.land/x/redis@v0.27.1/command.ts": "802df3a1f49f6c49fe3e8fcf13fd0cc360b8a02369de0310a72d7f0c8e4ceaab",
    "https://deno.land/x/socket_io@0.2.1/vendor/deno.land/x/redis@v0.27.1/connection.ts": "b325d5b720af8132cd81d6d8b6a2e61936631b36d0dd08907d5421107bf50723",
    "https://deno.land/x/socket_io@0.2.1/vendor/deno.land/x/redis@v0.27.1/errors.ts": "bc8f7091cb9f36cdd31229660e0139350b02c26851e3ac69d592c066745feb27",
    "https://deno.land/x/socket_io@0.2.1/vendor/deno.land/x/redis@v0.27.1/executor.ts": "03e5f43df4e0c9c62b0e1be778811d45b6a1966ddf406e21ed5a227af70b7183",
    "https://deno.land/x/socket_io@0.2.1/vendor/deno.land/x/redis@v0.27.1/mod.ts": "20908f005f5c102525ce6aa9261648c95c5f61c6cf782b2cbb2fce88b1220f69",
    "https://deno.land/x/socket_io@0.2.1/vendor/deno.land/x/redis@v0.27.1/pipeline.ts": "80cc26a881149264d51dd019f1044c4ec9012399eca9f516057dc81c9b439370",
    "https://deno.land/x/socket_io@0.2.1/vendor/deno.land/x/redis@v0.27.1/protocol/_util.ts": "0525f7f444a96b92cd36423abdfe221f8d8de4a018dc5cb6750a428a5fc897c2",
    "https://deno.land/x/socket_io@0.2.1/vendor/deno.land/x/redis@v0.27.1/protocol/command.ts": "b1efd3b62fe5d1230e6d96b5c65ba7de1592a1eda2cc927161e5997a15f404ac",
    "https://deno.land/x/socket_io@0.2.1/vendor/deno.land/x/redis@v0.27.1/protocol/mod.ts": "f2601df31d8adc71785b5d19f6a7e43dfce94adbb6735c4dafc1fb129169d11a",
    "https://deno.land/x/socket_io@0.2.1/vendor/deno.land/x/redis@v0.27.1/protocol/reply.ts": "beac2061b03190bada179aef1a5d92b47a5104d9835e8c7468a55c24812ae9e4",
    "https://deno.land/x/socket_io@0.2.1/vendor/deno.land/x/redis@v0.27.1/protocol/types.ts": "40b0a568cb7fd4dc9107997062584d24e5c6ffa1f21acb6410aa19c92f89e9e1",
    "https://deno.land/x/socket_io@0.2.1/vendor/deno.land/x/redis@v0.27.1/pubsub.ts": "324b87dae0700e4cb350780ce3ae5bc02780f79f3de35e01366b894668b016c6",
    "https://deno.land/x/socket_io@0.2.1/vendor/deno.land/x/redis@v0.27.1/redis.ts": "a5c2cf8c72e7c92c9c8c6911f98227062649f6cba966938428c5414200f3aa54",
    "https://deno.land/x/socket_io@0.2.1/vendor/deno.land/x/redis@v0.27.1/stream.ts": "f116d73cfe04590ff9fa8a3c08be8ff85219d902ef2f6929b8c1e88d92a07810",
    "https://deno.land/x/socket_io@0.2.1/vendor/deno.land/x/redis@v0.27.1/vendor/https/deno.land/std/async/deferred.ts": "7391210927917113e04247ef013d800d54831f550e9a0b439244675c56058c55",
    "https://deno.land/x/socket_io@0.2.1/vendor/deno.land/x/redis@v0.27.1/vendor/https/deno.land/std/async/delay.ts": "c7e2604f7cb5ef00d595de8dd600604902d5be03a183b515b3d6d4bbb48e1700",
    "https://deno.land/x/socket_io@0.2.1/vendor/deno.land/x/redis@v0.27.1/vendor/https/deno.land/std/io/buffer.ts": "8c5f84b7ecf71bc3e12aa299a9fae9e72e495db05281fcdd62006ecd3c5ed3f3"
  }
}
